
Microsoft Visual Studio Solution File, Format Version 12.00
# Visual Studio 15
VisualStudioVersion = 15.0.28307.329
MinimumVisualStudioVersion = 10.0.40219.1
Project("{FAE04EC0-301F-11D3-BF4B-00C04F79EFBC}") = "XamarinApp11Mvvm.Android", "XamarinApp11Mvvm\XamarinApp11Mvvm.Android\XamarinApp11Mvvm.Android.csproj", "{C3FD2D7F-329C-47B3-92F4-9A2A355C642F}"
EndProject
Project("{FAE04EC0-301F-11D3-BF4B-00C04F79EFBC}") = "XamarinApp11Mvvm.iOS", "XamarinApp11Mvvm\XamarinApp11Mvvm.iOS\XamarinApp11Mvvm.iOS.csproj", "{1648F9D3-1F9B-4B6A-A54F-5886718EBF30}"
EndProject
Project("{FAE04EC0-301F-11D3-BF4B-00C04F79EFBC}") = "XamarinApp11Mvvm.UWP", "XamarinApp11Mvvm\XamarinApp11Mvvm.UWP\XamarinApp11Mvvm.UWP.csproj", "{46EFEA68-2A7B-4775-9B99-E7D06D7F39CC}"
EndProject
Project("{FAE04EC0-301F-11D3-BF4B-00C04F79EFBC}") = "XamarinApp11Mvvm", "XamarinApp11Mvvm\XamarinApp11Mvvm\XamarinApp11Mvvm.csproj", "{2B78810D-D022-4BE4-808E-932E13A9E576}"
EndProject
Global
	GlobalSection(SolutionConfigurationPlatforms) = preSolution
		Ad-Hoc|Any CPU = Ad-Hoc|Any CPU
		Ad-Hoc|ARM = Ad-Hoc|ARM
		Ad-Hoc|iPhone = Ad-Hoc|iPhone
		Ad-Hoc|iPhoneSimulator = Ad-Hoc|iPhoneSimulator
		Ad-Hoc|x64 = Ad-Hoc|x64
		Ad-Hoc|x86 = Ad-Hoc|x86
		AppStore|Any CPU = AppStore|Any CPU
		AppStore|ARM = AppStore|ARM
		AppStore|iPhone = AppStore|iPhone
		AppStore|iPhoneSimulator = AppStore|iPhoneSimulator
		AppStore|x64 = AppStore|x64
		AppStore|x86 = AppStore|x86
		Debug|Any CPU = Debug|Any CPU
		Debug|ARM = Debug|ARM
		Debug|iPhone = Debug|iPhone
		Debug|iPhoneSimulator = Debug|iPhoneSimulator
		Debug|x64 = Debug|x64
		Debug|x86 = Debug|x86
		Release|Any CPU = Release|Any CPU
		Release|ARM = Release|ARM
		Release|iPhone = Release|iPhone
		Release|iPhoneSimulator = Release|iPhoneSimulator
		Release|x64 = Release|x64
		Release|x86 = Release|x86
	EndGlobalSection
	GlobalSection(ProjectConfigurationPlatforms) = postSolution
		{C3FD2D7F-329C-47B3-92F4-9A2A355C642F}.Ad-Hoc|Any CPU.ActiveCfg = Release|Any CPU
		{C3FD2D7F-329C-47B3-92F4-9A2A355C642F}.Ad-Hoc|Any CPU.Build.0 = Release|Any CPU
		{C3FD2D7F-329C-47B3-92F4-9A2A355C642F}.Ad-Hoc|Any CPU.Deploy.0 = Release|Any CPU
		{C3FD2D7F-329C-47B3-92F4-9A2A355C642F}.Ad-Hoc|ARM.ActiveCfg = Release|Any CPU
		{C3FD2D7F-329C-47B3-92F4-9A2A355C642F}.Ad-Hoc|ARM.Build.0 = Release|Any CPU
		{C3FD2D7F-329C-47B3-92F4-9A2A355C642F}.Ad-Hoc|ARM.Deploy.0 = Release|Any CPU
		{C3FD2D7F-329C-47B3-92F4-9A2A355C642F}.Ad-Hoc|iPhone.ActiveCfg = Release|Any CPU
		{C3FD2D7F-329C-47B3-92F4-9A2A355C642F}.Ad-Hoc|iPhone.Build.0 = Release|Any CPU
		{C3FD2D7F-329C-47B3-92F4-9A2A355C642F}.Ad-Hoc|iPhone.Deploy.0 = Release|Any CPU
		{C3FD2D7F-329C-47B3-92F4-9A2A355C642F}.Ad-Hoc|iPhoneSimulator.ActiveCfg = Release|Any CPU
		{C3FD2D7F-329C-47B3-92F4-9A2A355C642F}.Ad-Hoc|iPhoneSimulator.Build.0 = Release|Any CPU
		{C3FD2D7F-329C-47B3-92F4-9A2A355C642F}.Ad-Hoc|iPhoneSimulator.Deploy.0 = Release|Any CPU
		{C3FD2D7F-329C-47B3-92F4-9A2A355C642F}.Ad-Hoc|x64.ActiveCfg = Release|Any CPU
		{C3FD2D7F-329C-47B3-92F4-9A2A355C642F}.Ad-Hoc|x64.Build.0 = Release|Any CPU
		{C3FD2D7F-329C-47B3-92F4-9A2A355C642F}.Ad-Hoc|x64.Deploy.0 = Release|Any CPU
		{C3FD2D7F-329C-47B3-92F4-9A2A355C642F}.Ad-Hoc|x86.ActiveCfg = Release|Any CPU
		{C3FD2D7F-329C-47B3-92F4-9A2A355C642F}.Ad-Hoc|x86.Build.0 = Release|Any CPU
		{C3FD2D7F-329C-47B3-92F4-9A2A355C642F}.Ad-Hoc|x86.Deploy.0 = Release|Any CPU
		{C3FD2D7F-329C-47B3-92F4-9A2A355C642F}.AppStore|Any CPU.ActiveCfg = Release|Any CPU
		{C3FD2D7F-329C-47B3-92F4-9A2A355C642F}.AppStore|Any CPU.Build.0 = Release|Any CPU
		{C3FD2D7F-329C-47B3-92F4-9A2A355C642F}.AppStore|Any CPU.Deploy.0 = Release|Any CPU
		{C3FD2D7F-329C-47B3-92F4-9A2A355C642F}.AppStore|ARM.ActiveCfg = Release|Any CPU
		{C3FD2D7F-329C-47B3-92F4-9A2A355C642F}.AppStore|ARM.Build.0 = Release|Any CPU
		{C3FD2D7F-329C-47B3-92F4-9A2A355C642F}.AppStore|ARM.Deploy.0 = Release|Any CPU
		{C3FD2D7F-329C-47B3-92F4-9A2A355C642F}.AppStore|iPhone.ActiveCfg = Release|Any CPU
		{C3FD2D7F-329C-47B3-92F4-9A2A355C642F}.AppStore|iPhone.Build.0 = Release|Any CPU
		{C3FD2D7F-329C-47B3-92F4-9A2A355C642F}.AppStore|iPhone.Deploy.0 = Release|Any CPU
		{C3FD2D7F-329C-47B3-92F4-9A2A355C642F}.AppStore|iPhoneSimulator.ActiveCfg = Release|Any CPU
		{C3FD2D7F-329C-47B3-92F4-9A2A355C642F}.AppStore|iPhoneSimulator.Build.0 = Release|Any CPU
		{C3FD2D7F-329C-47B3-92F4-9A2A355C642F}.AppStore|iPhoneSimulator.Deploy.0 = Release|Any CPU
		{C3FD2D7F-329C-47B3-92F4-9A2A355C642F}.AppStore|x64.ActiveCfg = Release|Any CPU
		{C3FD2D7F-329C-47B3-92F4-9A2A355C642F}.AppStore|x64.Build.0 = Release|Any CPU
		{C3FD2D7F-329C-47B3-92F4-9A2A355C642F}.AppStore|x64.Deploy.0 = Release|Any CPU
		{C3FD2D7F-329C-47B3-92F4-9A2A355C642F}.AppStore|x86.ActiveCfg = Release|Any CPU
		{C3FD2D7F-329C-47B3-92F4-9A2A355C642F}.AppStore|x86.Build.0 = Release|Any CPU
		{C3FD2D7F-329C-47B3-92F4-9A2A355C642F}.AppStore|x86.Deploy.0 = Release|Any CPU
		{C3FD2D7F-329C-47B3-92F4-9A2A355C642F}.Debug|Any CPU.ActiveCfg = Debug|Any CPU
		{C3FD2D7F-329C-47B3-92F4-9A2A355C642F}.Debug|Any CPU.Build.0 = Debug|Any CPU
		{C3FD2D7F-329C-47B3-92F4-9A2A355C642F}.Debug|Any CPU.Deploy.0 = Debug|Any CPU
		{C3FD2D7F-329C-47B3-92F4-9A2A355C642F}.Debug|ARM.ActiveCfg = Debug|Any CPU
		{C3FD2D7F-329C-47B3-92F4-9A2A355C642F}.Debug|ARM.Build.0 = Debug|Any CPU
		{C3FD2D7F-329C-47B3-92F4-9A2A355C642F}.Debug|ARM.Deploy.0 = Debug|Any CPU
		{C3FD2D7F-329C-47B3-92F4-9A2A355C642F}.Debug|iPhone.ActiveCfg = Debug|Any CPU
		{C3FD2D7F-329C-47B3-92F4-9A2A355C642F}.Debug|iPhone.Build.0 = Debug|Any CPU
		{C3FD2D7F-329C-47B3-92F4-9A2A355C642F}.Debug|iPhone.Deploy.0 = Debug|Any CPU
		{C3FD2D7F-329C-47B3-92F4-9A2A355C642F}.Debug|iPhoneSimulator.ActiveCfg = Debug|Any CPU
		{C3FD2D7F-329C-47B3-92F4-9A2A355C642F}.Debug|iPhoneSimulator.Build.0 = Debug|Any CPU
		{C3FD2D7F-329C-47B3-92F4-9A2A355C642F}.Debug|iPhoneSimulator.Deploy.0 = Debug|Any CPU
		{C3FD2D7F-329C-47B3-92F4-9A2A355C642F}.Debug|x64.ActiveCfg = Debug|Any CPU
		{C3FD2D7F-329C-47B3-92F4-9A2A355C642F}.Debug|x64.Build.0 = Debug|Any CPU
		{C3FD2D7F-329C-47B3-92F4-9A2A355C642F}.Debug|x64.Deploy.0 = Debug|Any CPU
		{C3FD2D7F-329C-47B3-92F4-9A2A355C642F}.Debug|x86.ActiveCfg = Debug|Any CPU
		{C3FD2D7F-329C-47B3-92F4-9A2A355C642F}.Debug|x86.Build.0 = Debug|Any CPU
		{C3FD2D7F-329C-47B3-92F4-9A2A355C642F}.Debug|x86.Deploy.0 = Debug|Any CPU
		{C3FD2D7F-329C-47B3-92F4-9A2A355C642F}.Release|Any CPU.ActiveCfg = Release|Any CPU
		{C3FD2D7F-329C-47B3-92F4-9A2A355C642F}.Release|Any CPU.Build.0 = Release|Any CPU
		{C3FD2D7F-329C-47B3-92F4-9A2A355C642F}.Release|Any CPU.Deploy.0 = Release|Any CPU
		{C3FD2D7F-329C-47B3-92F4-9A2A355C642F}.Release|ARM.ActiveCfg = Release|Any CPU
		{C3FD2D7F-329C-47B3-92F4-9A2A355C642F}.Release|ARM.Build.0 = Release|Any CPU
		{C3FD2D7F-329C-47B3-92F4-9A2A355C642F}.Release|ARM.Deploy.0 = Release|Any CPU
		{C3FD2D7F-329C-47B3-92F4-9A2A355C642F}.Release|iPhone.ActiveCfg = Release|Any CPU
		{C3FD2D7F-329C-47B3-92F4-9A2A355C642F}.Release|iPhone.Build.0 = Release|Any CPU
		{C3FD2D7F-329C-47B3-92F4-9A2A355C642F}.Release|iPhone.Deploy.0 = Release|Any CPU
		{C3FD2D7F-329C-47B3-92F4-9A2A355C642F}.Release|iPhoneSimulator.ActiveCfg = Release|Any CPU
		{C3FD2D7F-329C-47B3-92F4-9A2A355C642F}.Release|iPhoneSimulator.Build.0 = Release|Any CPU
		{C3FD2D7F-329C-47B3-92F4-9A2A355C642F}.Release|iPhoneSimulator.Deploy.0 = Release|Any CPU
		{C3FD2D7F-329C-47B3-92F4-9A2A355C642F}.Release|x64.ActiveCfg = Release|Any CPU
		{C3FD2D7F-329C-47B3-92F4-9A2A355C642F}.Release|x64.Build.0 = Release|Any CPU
		{C3FD2D7F-329C-47B3-92F4-9A2A355C642F}.Release|x64.Deploy.0 = Release|Any CPU
		{C3FD2D7F-329C-47B3-92F4-9A2A355C642F}.Release|x86.ActiveCfg = Release|Any CPU
		{C3FD2D7F-329C-47B3-92F4-9A2A355C642F}.Release|x86.Build.0 = Release|Any CPU
		{C3FD2D7F-329C-47B3-92F4-9A2A355C642F}.Release|x86.Deploy.0 = Release|Any CPU
		{1648F9D3-1F9B-4B6A-A54F-5886718EBF30}.Ad-Hoc|Any CPU.ActiveCfg = Ad-Hoc|iPhone
		{1648F9D3-1F9B-4B6A-A54F-5886718EBF30}.Ad-Hoc|Any CPU.Build.0 = Ad-Hoc|iPhone
		{1648F9D3-1F9B-4B6A-A54F-5886718EBF30}.Ad-Hoc|Any CPU.Deploy.0 = Ad-Hoc|iPhone
		{1648F9D3-1F9B-4B6A-A54F-5886718EBF30}.Ad-Hoc|ARM.ActiveCfg = Ad-Hoc|iPhone
		{1648F9D3-1F9B-4B6A-A54F-5886718EBF30}.Ad-Hoc|ARM.Build.0 = Ad-Hoc|iPhone
		{1648F9D3-1F9B-4B6A-A54F-5886718EBF30}.Ad-Hoc|ARM.Deploy.0 = Ad-Hoc|iPhone
		{1648F9D3-1F9B-4B6A-A54F-5886718EBF30}.Ad-Hoc|iPhone.ActiveCfg = Ad-Hoc|iPhone
		{1648F9D3-1F9B-4B6A-A54F-5886718EBF30}.Ad-Hoc|iPhone.Build.0 = Ad-Hoc|iPhone
		{1648F9D3-1F9B-4B6A-A54F-5886718EBF30}.Ad-Hoc|iPhone.Deploy.0 = Ad-Hoc|iPhone
		{1648F9D3-1F9B-4B6A-A54F-5886718EBF30}.Ad-Hoc|iPhoneSimulator.ActiveCfg = Ad-Hoc|iPhoneSimulator
		{1648F9D3-1F9B-4B6A-A54F-5886718EBF30}.Ad-Hoc|iPhoneSimulator.Build.0 = Ad-Hoc|iPhoneSimulator
		{1648F9D3-1F9B-4B6A-A54F-5886718EBF30}.Ad-Hoc|iPhoneSimulator.Deploy.0 = Ad-Hoc|iPhoneSimulator
		{1648F9D3-1F9B-4B6A-A54F-5886718EBF30}.Ad-Hoc|x64.ActiveCfg = Ad-Hoc|iPhone
		{1648F9D3-1F9B-4B6A-A54F-5886718EBF30}.Ad-Hoc|x64.Build.0 = Ad-Hoc|iPhone
		{1648F9D3-1F9B-4B6A-A54F-5886718EBF30}.Ad-Hoc|x64.Deploy.0 = Ad-Hoc|iPhone
		{1648F9D3-1F9B-4B6A-A54F-5886718EBF30}.Ad-Hoc|x86.ActiveCfg = Ad-Hoc|iPhone
		{1648F9D3-1F9B-4B6A-A54F-5886718EBF30}.Ad-Hoc|x86.Build.0 = Ad-Hoc|iPhone
		{1648F9D3-1F9B-4B6A-A54F-5886718EBF30}.Ad-Hoc|x86.Deploy.0 = Ad-Hoc|iPhone
		{1648F9D3-1F9B-4B6A-A54F-5886718EBF30}.AppStore|Any CPU.ActiveCfg = AppStore|iPhone
		{1648F9D3-1F9B-4B6A-A54F-5886718EBF30}.AppStore|Any CPU.Build.0 = AppStore|iPhone
		{1648F9D3-1F9B-4B6A-A54F-5886718EBF30}.AppStore|Any CPU.Deploy.0 = AppStore|iPhone
		{1648F9D3-1F9B-4B6A-A54F-5886718EBF30}.AppStore|ARM.ActiveCfg = AppStore|iPhone
		{1648F9D3-1F9B-4B6A-A54F-5886718EBF30}.AppStore|ARM.Build.0 = AppStore|iPhone
		{1648F9D3-1F9B-4B6A-A54F-5886718EBF30}.AppStore|ARM.Deploy.0 = AppStore|iPhone
		{1648F9D3-1F9B-4B6A-A54F-5886718EBF30}.AppStore|iPhone.ActiveCfg = AppStore|iPhone
		{1648F9D3-1F9B-4B6A-A54F-5886718EBF30}.AppStore|iPhone.Build.0 = AppStore|iPhone
		{1648F9D3-1F9B-4B6A-A54F-5886718EBF30}.AppStore|iPhone.Deploy.0 = AppStore|iPhone
		{1648F9D3-1F9B-4B6A-A54F-5886718EBF30}.AppStore|iPhoneSimulator.ActiveCfg = AppStore|iPhoneSimulator
		{1648F9D3-1F9B-4B6A-A54F-5886718EBF30}.AppStore|iPhoneSimulator.Build.0 = AppStore|iPhoneSimulator
		{1648F9D3-1F9B-4B6A-A54F-5886718EBF30}.AppStore|iPhoneSimulator.Deploy.0 = AppStore|iPhoneSimulator
		{1648F9D3-1F9B-4B6A-A54F-5886718EBF30}.AppStore|x64.ActiveCfg = AppStore|iPhone
		{1648F9D3-1F9B-4B6A-A54F-5886718EBF30}.AppStore|x64.Build.0 = AppStore|iPhone
		{1648F9D3-1F9B-4B6A-A54F-5886718EBF30}.AppStore|x64.Deploy.0 = AppStore|iPhone
		{1648F9D3-1F9B-4B6A-A54F-5886718EBF30}.AppStore|x86.ActiveCfg = AppStore|iPhone
		{1648F9D3-1F9B-4B6A-A54F-5886718EBF30}.AppStore|x86.Build.0 = AppStore|iPhone
		{1648F9D3-1F9B-4B6A-A54F-5886718EBF30}.AppStore|x86.Deploy.0 = AppStore|iPhone
		{1648F9D3-1F9B-4B6A-A54F-5886718EBF30}.Debug|Any CPU.ActiveCfg = Debug|iPhoneSimulator
		{1648F9D3-1F9B-4B6A-A54F-5886718EBF30}.Debug|Any CPU.Build.0 = Debug|iPhoneSimulator
		{1648F9D3-1F9B-4B6A-A54F-5886718EBF30}.Debug|Any CPU.Deploy.0 = Debug|iPhoneSimulator
		{1648F9D3-1F9B-4B6A-A54F-5886718EBF30}.Debug|ARM.ActiveCfg = Debug|iPhone
		{1648F9D3-1F9B-4B6A-A54F-5886718EBF30}.Debug|ARM.Build.0 = Debug|iPhone
		{1648F9D3-1F9B-4B6A-A54F-5886718EBF30}.Debug|ARM.Deploy.0 = Debug|iPhone
		{1648F9D3-1F9B-4B6A-A54F-5886718EBF30}.Debug|iPhone.ActiveCfg = Debug|iPhone
		{1648F9D3-1F9B-4B6A-A54F-5886718EBF30}.Debug|iPhone.Build.0 = Debug|iPhone
		{1648F9D3-1F9B-4B6A-A54F-5886718EBF30}.Debug|iPhone.Deploy.0 = Debug|iPhone
		{1648F9D3-1F9B-4B6A-A54F-5886718EBF30}.Debug|iPhoneSimulator.ActiveCfg = Debug|iPhoneSimulator
		{1648F9D3-1F9B-4B6A-A54F-5886718EBF30}.Debug|iPhoneSimulator.Build.0 = Debug|iPhoneSimulator
		{1648F9D3-1F9B-4B6A-A54F-5886718EBF30}.Debug|iPhoneSimulator.Deploy.0 = Debug|iPhoneSimulator
		{1648F9D3-1F9B-4B6A-A54F-5886718EBF30}.Debug|x64.ActiveCfg = Debug|iPhone
		{1648F9D3-1F9B-4B6A-A54F-5886718EBF30}.Debug|x64.Build.0 = Debug|iPhone
		{1648F9D3-1F9B-4B6A-A54F-5886718EBF30}.Debug|x64.Deploy.0 = Debug|iPhone
		{1648F9D3-1F9B-4B6A-A54F-5886718EBF30}.Debug|x86.ActiveCfg = Debug|iPhone
		{1648F9D3-1F9B-4B6A-A54F-5886718EBF30}.Debug|x86.Build.0 = Debug|iPhone
		{1648F9D3-1F9B-4B6A-A54F-5886718EBF30}.Debug|x86.Deploy.0 = Debug|iPhone
		{1648F9D3-1F9B-4B6A-A54F-5886718EBF30}.Release|Any CPU.ActiveCfg = Release|iPhone
		{1648F9D3-1F9B-4B6A-A54F-5886718EBF30}.Release|Any CPU.Build.0 = Release|iPhone
		{1648F9D3-1F9B-4B6A-A54F-5886718EBF30}.Release|Any CPU.Deploy.0 = Release|iPhone
		{1648F9D3-1F9B-4B6A-A54F-5886718EBF30}.Release|ARM.ActiveCfg = Release|iPhone
		{1648F9D3-1F9B-4B6A-A54F-5886718EBF30}.Release|ARM.Build.0 = Release|iPhone
		{1648F9D3-1F9B-4B6A-A54F-5886718EBF30}.Release|ARM.Deploy.0 = Release|iPhone
		{1648F9D3-1F9B-4B6A-A54F-5886718EBF30}.Release|iPhone.ActiveCfg = Release|iPhone
		{1648F9D3-1F9B-4B6A-A54F-5886718EBF30}.Release|iPhone.Build.0 = Release|iPhone
		{1648F9D3-1F9B-4B6A-A54F-5886718EBF30}.Release|iPhone.Deploy.0 = Release|iPhone
		{1648F9D3-1F9B-4B6A-A54F-5886718EBF30}.Release|iPhoneSimulator.ActiveCfg = Release|iPhoneSimulator
		{1648F9D3-1F9B-4B6A-A54F-5886718EBF30}.Release|iPhoneSimulator.Build.0 = Release|iPhoneSimulator
		{1648F9D3-1F9B-4B6A-A54F-5886718EBF30}.Release|iPhoneSimulator.Deploy.0 = Release|iPhoneSimulator
		{1648F9D3-1F9B-4B6A-A54F-5886718EBF30}.Release|x64.ActiveCfg = Release|iPhone
		{1648F9D3-1F9B-4B6A-A54F-5886718EBF30}.Release|x64.Build.0 = Release|iPhone
		{1648F9D3-1F9B-4B6A-A54F-5886718EBF30}.Release|x64.Deploy.0 = Release|iPhone
		{1648F9D3-1F9B-4B6A-A54F-5886718EBF30}.Release|x86.ActiveCfg = Release|iPhone
		{1648F9D3-1F9B-4B6A-A54F-5886718EBF30}.Release|x86.Build.0 = Release|iPhone
		{1648F9D3-1F9B-4B6A-A54F-5886718EBF30}.Release|x86.Deploy.0 = Release|iPhone
		{46EFEA68-2A7B-4775-9B99-E7D06D7F39CC}.Ad-Hoc|Any CPU.ActiveCfg = Release|x86
		{46EFEA68-2A7B-4775-9B99-E7D06D7F39CC}.Ad-Hoc|Any CPU.Build.0 = Release|x86
		{46EFEA68-2A7B-4775-9B99-E7D06D7F39CC}.Ad-Hoc|Any CPU.Deploy.0 = Release|x86
		{46EFEA68-2A7B-4775-9B99-E7D06D7F39CC}.Ad-Hoc|ARM.ActiveCfg = Release|ARM
		{46EFEA68-2A7B-4775-9B99-E7D06D7F39CC}.Ad-Hoc|ARM.Build.0 = Release|ARM
		{46EFEA68-2A7B-4775-9B99-E7D06D7F39CC}.Ad-Hoc|ARM.Deploy.0 = Release|ARM
		{46EFEA68-2A7B-4775-9B99-E7D06D7F39CC}.Ad-Hoc|iPhone.ActiveCfg = Release|x86
		{46EFEA68-2A7B-4775-9B99-E7D06D7F39CC}.Ad-Hoc|iPhone.Build.0 = Release|x86
		{46EFEA68-2A7B-4775-9B99-E7D06D7F39CC}.Ad-Hoc|iPhone.Deploy.0 = Release|x86
		{46EFEA68-2A7B-4775-9B99-E7D06D7F39CC}.Ad-Hoc|iPhoneSimulator.ActiveCfg = Release|x86
		{46EFEA68-2A7B-4775-9B99-E7D06D7F39CC}.Ad-Hoc|iPhoneSimulator.Build.0 = Release|x86
		{46EFEA68-2A7B-4775-9B99-E7D06D7F39CC}.Ad-Hoc|iPhoneSimulator.Deploy.0 = Release|x86
		{46EFEA68-2A7B-4775-9B99-E7D06D7F39CC}.Ad-Hoc|x64.ActiveCfg = Release|x64
		{46EFEA68-2A7B-4775-9B99-E7D06D7F39CC}.Ad-Hoc|x64.Build.0 = Release|x64
		{46EFEA68-2A7B-4775-9B99-E7D06D7F39CC}.Ad-Hoc|x64.Deploy.0 = Release|x64
		{46EFEA68-2A7B-4775-9B99-E7D06D7F39CC}.Ad-Hoc|x86.ActiveCfg = Release|x86
		{46EFEA68-2A7B-4775-9B99-E7D06D7F39CC}.Ad-Hoc|x86.Build.0 = Release|x86
		{46EFEA68-2A7B-4775-9B99-E7D06D7F39CC}.Ad-Hoc|x86.Deploy.0 = Release|x86
		{46EFEA68-2A7B-4775-9B99-E7D06D7F39CC}.AppStore|Any CPU.ActiveCfg = Release|x86
		{46EFEA68-2A7B-4775-9B99-E7D06D7F39CC}.AppStore|Any CPU.Build.0 = Release|x86
		{46EFEA68-2A7B-4775-9B99-E7D06D7F39CC}.AppStore|Any CPU.Deploy.0 = Release|x86
		{46EFEA68-2A7B-4775-9B99-E7D06D7F39CC}.AppStore|ARM.ActiveCfg = Release|ARM
		{46EFEA68-2A7B-4775-9B99-E7D06D7F39CC}.AppStore|ARM.Build.0 = Release|ARM
		{46EFEA68-2A7B-4775-9B99-E7D06D7F39CC}.AppStore|ARM.Deploy.0 = Release|ARM
		{46EFEA68-2A7B-4775-9B99-E7D06D7F39CC}.AppStore|iPhone.ActiveCfg = Release|x86
		{46EFEA68-2A7B-4775-9B99-E7D06D7F39CC}.AppStore|iPhone.Build.0 = Release|x86
		{46EFEA68-2A7B-4775-9B99-E7D06D7F39CC}.AppStore|iPhone.Deploy.0 = Release|x86
		{46EFEA68-2A7B-4775-9B99-E7D06D7F39CC}.AppStore|iPhoneSimulator.ActiveCfg = Release|x86
		{46EFEA68-2A7B-4775-9B99-E7D06D7F39CC}.AppStore|iPhoneSimulator.Build.0 = Release|x86
		{46EFEA68-2A7B-4775-9B99-E7D06D7F39CC}.AppStore|iPhoneSimulator.Deploy.0 = Release|x86
		{46EFEA68-2A7B-4775-9B99-E7D06D7F39CC}.AppStore|x64.ActiveCfg = Release|x64
		{46EFEA68-2A7B-4775-9B99-E7D06D7F39CC}.AppStore|x64.Build.0 = Release|x64
		{46EFEA68-2A7B-4775-9B99-E7D06D7F39CC}.AppStore|x64.Deploy.0 = Release|x64
		{46EFEA68-2A7B-4775-9B99-E7D06D7F39CC}.AppStore|x86.ActiveCfg = Release|x86
		{46EFEA68-2A7B-4775-9B99-E7D06D7F39CC}.AppStore|x86.Build.0 = Release|x86
		{46EFEA68-2A7B-4775-9B99-E7D06D7F39CC}.AppStore|x86.Deploy.0 = Release|x86
		{46EFEA68-2A7B-4775-9B99-E7D06D7F39CC}.Debug|Any CPU.ActiveCfg = Debug|x86
		{46EFEA68-2A7B-4775-9B99-E7D06D7F39CC}.Debug|Any CPU.Build.0 = Debug|x86
		{46EFEA68-2A7B-4775-9B99-E7D06D7F39CC}.Debug|Any CPU.Deploy.0 = Debug|x86
		{46EFEA68-2A7B-4775-9B99-E7D06D7F39CC}.Debug|ARM.ActiveCfg = Debug|ARM
		{46EFEA68-2A7B-4775-9B99-E7D06D7F39CC}.Debug|ARM.Build.0 = Debug|ARM
		{46EFEA68-2A7B-4775-9B99-E7D06D7F39CC}.Debug|ARM.Deploy.0 = Debug|ARM
		{46EFEA68-2A7B-4775-9B99-E7D06D7F39CC}.Debug|iPhone.ActiveCfg = Debug|x86
		{46EFEA68-2A7B-4775-9B99-E7D06D7F39CC}.Debug|iPhone.Build.0 = Debug|x86
		{46EFEA68-2A7B-4775-9B99-E7D06D7F39CC}.Debug|iPhone.Deploy.0 = Debug|x86
		{46EFEA68-2A7B-4775-9B99-E7D06D7F39CC}.Debug|iPhoneSimulator.ActiveCfg = Debug|x86
		{46EFEA68-2A7B-4775-9B99-E7D06D7F39CC}.Debug|iPhoneSimulator.Build.0 = Debug|x86
		{46EFEA68-2A7B-4775-9B99-E7D06D7F39CC}.Debug|iPhoneSimulator.Deploy.0 = Debug|x86
		{46EFEA68-2A7B-4775-9B99-E7D06D7F39CC}.Debug|x64.ActiveCfg = Debug|x64
		{46EFEA68-2A7B-4775-9B99-E7D06D7F39CC}.Debug|x64.Build.0 = Debug|x64
		{46EFEA68-2A7B-4775-9B99-E7D06D7F39CC}.Debug|x64.Deploy.0 = Debug|x64
		{46EFEA68-2A7B-4775-9B99-E7D06D7F39CC}.Debug|x86.ActiveCfg = Debug|x86
		{46EFEA68-2A7B-4775-9B99-E7D06D7F39CC}.Debug|x86.Build.0 = Debug|x86
		{46EFEA68-2A7B-4775-9B99-E7D06D7F39CC}.Debug|x86.Deploy.0 = Debug|x86
		{46EFEA68-2A7B-4775-9B99-E7D06D7F39CC}.Release|Any CPU.ActiveCfg = Release|x86
		{46EFEA68-2A7B-4775-9B99-E7D06D7F39CC}.Release|Any CPU.Build.0 = Release|x86
		{46EFEA68-2A7B-4775-9B99-E7D06D7F39CC}.Release|Any CPU.Deploy.0 = Release|x86
		{46EFEA68-2A7B-4775-9B99-E7D06D7F39CC}.Release|ARM.ActiveCfg = Release|ARM
		{46EFEA68-2A7B-4775-9B99-E7D06D7F39CC}.Release|ARM.Build.0 = Release|ARM
		{46EFEA68-2A7B-4775-9B99-E7D06D7F39CC}.Release|ARM.Deploy.0 = Release|ARM
		{46EFEA68-2A7B-4775-9B99-E7D06D7F39CC}.Release|iPhone.ActiveCfg = Release|x86
		{46EFEA68-2A7B-4775-9B99-E7D06D7F39CC}.Release|iPhone.Build.0 = Release|x86
		{46EFEA68-2A7B-4775-9B99-E7D06D7F39CC}.Release|iPhone.Deploy.0 = Release|x86
		{46EFEA68-2A7B-4775-9B99-E7D06D7F39CC}.Release|iPhoneSimulator.ActiveCfg = Release|x86
		{46EFEA68-2A7B-4775-9B99-E7D06D7F39CC}.Release|iPhoneSimulator.Build.0 = Release|x86
		{46EFEA68-2A7B-4775-9B99-E7D06D7F39CC}.Release|iPhoneSimulator.Deploy.0 = Release|x86
		{46EFEA68-2A7B-4775-9B99-E7D06D7F39CC}.Release|x64.ActiveCfg = Release|x64
		{46EFEA68-2A7B-4775-9B99-E7D06D7F39CC}.Release|x64.Build.0 = Release|x64
		{46EFEA68-2A7B-4775-9B99-E7D06D7F39CC}.Release|x64.Deploy.0 = Release|x64
		{46EFEA68-2A7B-4775-9B99-E7D06D7F39CC}.Release|x86.ActiveCfg = Release|x86
		{46EFEA68-2A7B-4775-9B99-E7D06D7F39CC}.Release|x86.Build.0 = Release|x86
		{46EFEA68-2A7B-4775-9B99-E7D06D7F39CC}.Release|x86.Deploy.0 = Release|x86
		{2B78810D-D022-4BE4-808E-932E13A9E576}.Ad-Hoc|Any CPU.ActiveCfg = Debug|Any CPU
		{2B78810D-D022-4BE4-808E-932E13A9E576}.Ad-Hoc|Any CPU.Build.0 = Debug|Any CPU
		{2B78810D-D022-4BE4-808E-932E13A9E576}.Ad-Hoc|Any CPU.Deploy.0 = Debug|Any CPU
		{2B78810D-D022-4BE4-808E-932E13A9E576}.Ad-Hoc|ARM.ActiveCfg = Debug|Any CPU
		{2B78810D-D022-4BE4-808E-932E13A9E576}.Ad-Hoc|ARM.Build.0 = Debug|Any CPU
		{2B78810D-D022-4BE4-808E-932E13A9E576}.Ad-Hoc|ARM.Deploy.0 = Debug|Any CPU
		{2B78810D-D022-4BE4-808E-932E13A9E576}.Ad-Hoc|iPhone.ActiveCfg = Debug|Any CPU
		{2B78810D-D022-4BE4-808E-932E13A9E576}.Ad-Hoc|iPhone.Build.0 = Debug|Any CPU
		{2B78810D-D022-4BE4-808E-932E13A9E576}.Ad-Hoc|iPhone.Deploy.0 = Debug|Any CPU
		{2B78810D-D022-4BE4-808E-932E13A9E576}.Ad-Hoc|iPhoneSimulator.ActiveCfg = Debug|Any CPU
		{2B78810D-D022-4BE4-808E-932E13A9E576}.Ad-Hoc|iPhoneSimulator.Build.0 = Debug|Any CPU
		{2B78810D-D022-4BE4-808E-932E13A9E576}.Ad-Hoc|iPhoneSimulator.Deploy.0 = Debug|Any CPU
		{2B78810D-D022-4BE4-808E-932E13A9E576}.Ad-Hoc|x64.ActiveCfg = Debug|Any CPU
		{2B78810D-D022-4BE4-808E-932E13A9E576}.Ad-Hoc|x64.Build.0 = Debug|Any CPU
		{2B78810D-D022-4BE4-808E-932E13A9E576}.Ad-Hoc|x64.Deploy.0 = Debug|Any CPU
		{2B78810D-D022-4BE4-808E-932E13A9E576}.Ad-Hoc|x86.ActiveCfg = Debug|Any CPU
		{2B78810D-D022-4BE4-808E-932E13A9E576}.Ad-Hoc|x86.Build.0 = Debug|Any CPU
		{2B78810D-D022-4BE4-808E-932E13A9E576}.Ad-Hoc|x86.Deploy.0 = Debug|Any CPU
		{2B78810D-D022-4BE4-808E-932E13A9E576}.AppStore|Any CPU.ActiveCfg = Debug|Any CPU
		{2B78810D-D022-4BE4-808E-932E13A9E576}.AppStore|Any CPU.Build.0 = Debug|Any CPU
		{2B78810D-D022-4BE4-808E-932E13A9E576}.AppStore|Any CPU.Deploy.0 = Debug|Any CPU
		{2B78810D-D022-4BE4-808E-932E13A9E576}.AppStore|ARM.ActiveCfg = Debug|Any CPU
		{2B78810D-D022-4BE4-808E-932E13A9E576}.AppStore|ARM.Build.0 = Debug|Any CPU
		{2B78810D-D022-4BE4-808E-932E13A9E576}.AppStore|ARM.Deploy.0 = Debug|Any CPU
		{2B78810D-D022-4BE4-808E-932E13A9E576}.AppStore|iPhone.ActiveCfg = Debug|Any CPU
		{2B78810D-D022-4BE4-808E-932E13A9E576}.AppStore|iPhone.Build.0 = Debug|Any CPU
		{2B78810D-D022-4BE4-808E-932E13A9E576}.AppStore|iPhone.Deploy.0 = Debug|Any CPU
		{2B78810D-D022-4BE4-808E-932E13A9E576}.AppStore|iPhoneSimulator.ActiveCfg = Debug|Any CPU
		{2B78810D-D022-4BE4-808E-932E13A9E576}.AppStore|iPhoneSimulator.Build.0 = Debug|Any CPU
		{2B78810D-D022-4BE4-808E-932E13A9E576}.AppStore|iPhoneSimulator.Deploy.0 = Debug|Any CPU
		{2B78810D-D022-4BE4-808E-932E13A9E576}.AppStore|x64.ActiveCfg = Debug|Any CPU
		{2B78810D-D022-4BE4-808E-932E13A9E576}.AppStore|x64.Build.0 = Debug|Any CPU
		{2B78810D-D022-4BE4-808E-932E13A9E576}.AppStore|x64.Deploy.0 = Debug|Any CPU
		{2B78810D-D022-4BE4-808E-932E13A9E576}.AppStore|x86.ActiveCfg = Debug|Any CPU
		{2B78810D-D022-4BE4-808E-932E13A9E576}.AppStore|x86.Build.0 = Debug|Any CPU
		{2B78810D-D022-4BE4-808E-932E13A9E576}.AppStore|x86.Deploy.0 = Debug|Any CPU
		{2B78810D-D022-4BE4-808E-932E13A9E576}.Debug|Any CPU.ActiveCfg = Debug|Any CPU
		{2B78810D-D022-4BE4-808E-932E13A9E576}.Debug|Any CPU.Build.0 = Debug|Any CPU
		{2B78810D-D022-4BE4-808E-932E13A9E576}.Debug|Any CPU.Deploy.0 = Debug|Any CPU
		{2B78810D-D022-4BE4-808E-932E13A9E576}.Debug|ARM.ActiveCfg = Debug|Any CPU
		{2B78810D-D022-4BE4-808E-932E13A9E576}.Debug|ARM.Build.0 = Debug|Any CPU
		{2B78810D-D022-4BE4-808E-932E13A9E576}.Debug|ARM.Deploy.0 = Debug|Any CPU
		{2B78810D-D022-4BE4-808E-932E13A9E576}.Debug|iPhone.ActiveCfg = Debug|Any CPU
		{2B78810D-D022-4BE4-808E-932E13A9E576}.Debug|iPhone.Build.0 = Debug|Any CPU
		{2B78810D-D022-4BE4-808E-932E13A9E576}.Debug|iPhone.Deploy.0 = Debug|Any CPU
		{2B78810D-D022-4BE4-808E-932E13A9E576}.Debug|iPhoneSimulator.ActiveCfg = Debug|Any CPU
		{2B78810D-D022-4BE4-808E-932E13A9E576}.Debug|iPhoneSimulator.Build.0 = Debug|Any CPU
		{2B78810D-D022-4BE4-808E-932E13A9E576}.Debug|iPhoneSimulator.Deploy.0 = Debug|Any CPU
		{2B78810D-D022-4BE4-808E-932E13A9E576}.Debug|x64.ActiveCfg = Debug|Any CPU
		{2B78810D-D022-4BE4-808E-932E13A9E576}.Debug|x64.Build.0 = Debug|Any CPU
		{2B78810D-D022-4BE4-808E-932E13A9E576}.Debug|x64.Deploy.0 = Debug|Any CPU
		{2B78810D-D022-4BE4-808E-932E13A9E576}.Debug|x86.ActiveCfg = Debug|Any CPU
		{2B78810D-D022-4BE4-808E-932E13A9E576}.Debug|x86.Build.0 = Debug|Any CPU
		{2B78810D-D022-4BE4-808E-932E13A9E576}.Debug|x86.Deploy.0 = Debug|Any CPU
		{2B78810D-D022-4BE4-808E-932E13A9E576}.Release|Any CPU.ActiveCfg = Release|Any CPU
		{2B78810D-D022-4BE4-808E-932E13A9E576}.Release|Any CPU.Build.0 = Release|Any CPU
		{2B78810D-D022-4BE4-808E-932E13A9E576}.Release|Any CPU.Deploy.0 = Release|Any CPU
		{2B78810D-D022-4BE4-808E-932E13A9E576}.Release|ARM.ActiveCfg = Release|Any CPU
		{2B78810D-D022-4BE4-808E-932E13A9E576}.Release|ARM.Build.0 = Release|Any CPU
		{2B78810D-D022-4BE4-808E-932E13A9E576}.Release|ARM.Deploy.0 = Release|Any CPU
		{2B78810D-D022-4BE4-808E-932E13A9E576}.Release|iPhone.ActiveCfg = Release|Any CPU
		{2B78810D-D022-4BE4-808E-932E13A9E576}.Release|iPhone.Build.0 = Release|Any CPU
		{2B78810D-D022-4BE4-808E-932E13A9E576}.Release|iPhone.Deploy.0 = Release|Any CPU
		{2B78810D-D022-4BE4-808E-932E13A9E576}.Release|iPhoneSimulator.ActiveCfg = Release|Any CPU
		{2B78810D-D022-4BE4-808E-932E13A9E576}.Release|iPhoneSimulator.Build.0 = Release|Any CPU
		{2B78810D-D022-4BE4-808E-932E13A9E576}.Release|iPhoneSimulator.Deploy.0 = Release|Any CPU
		{2B78810D-D022-4BE4-808E-932E13A9E576}.Release|x64.ActiveCfg = Release|Any CPU
		{2B78810D-D022-4BE4-808E-932E13A9E576}.Release|x64.Build.0 = Release|Any CPU
		{2B78810D-D022-4BE4-808E-932E13A9E576}.Release|x64.Deploy.0 = Release|Any CPU
		{2B78810D-D022-4BE4-808E-932E13A9E576}.Release|x86.ActiveCfg = Release|Any CPU
		{2B78810D-D022-4BE4-808E-932E13A9E576}.Release|x86.Build.0 = Release|Any CPU
		{2B78810D-D022-4BE4-808E-932E13A9E576}.Release|x86.Deploy.0 = Release|Any CPU
	EndGlobalSection
	GlobalSection(SolutionProperties) = preSolution
		HideSolutionNode = FALSE
	EndGlobalSection
	GlobalSection(ExtensibilityGlobals) = postSolution
		SolutionGuid = {7CD94FAF-C3FC-4C96-ACE9-8CC44129A72E}
	EndGlobalSection
EndGlobal
